// !$*UTF8*$!
{
	archiveVersion = 1;
	classes = {
	};
	objectVersion = 56;
	objects = {

/* Begin PBXBuildFile section */
		82A6256E2940591F009F461E /* SnapKit in Frameworks */ = {isa = PBXBuildFile; productRef = 82A6256D2940591F009F461E /* SnapKit */; };
		82CBE63E2940F03F00F877CE /* RxCocoa in Frameworks */ = {isa = PBXBuildFile; productRef = 82CBE63D2940F03F00F877CE /* RxCocoa */; };
		82CBE6402940F03F00F877CE /* RxRelay in Frameworks */ = {isa = PBXBuildFile; productRef = 82CBE63F2940F03F00F877CE /* RxRelay */; };
		82CBE6422940F03F00F877CE /* RxSwift in Frameworks */ = {isa = PBXBuildFile; productRef = 82CBE6412940F03F00F877CE /* RxSwift */; };
		82EBE876294050200080313F /* AppDelegate.swift in Sources */ = {isa = PBXBuildFile; fileRef = 82EBE875294050200080313F /* AppDelegate.swift */; };
		82EBE878294050200080313F /* SceneDelegate.swift in Sources */ = {isa = PBXBuildFile; fileRef = 82EBE877294050200080313F /* SceneDelegate.swift */; };
		82EBE87A294050200080313F /* ViewController.swift in Sources */ = {isa = PBXBuildFile; fileRef = 82EBE879294050200080313F /* ViewController.swift */; };
		82EBE87F294050220080313F /* Assets.xcassets in Resources */ = {isa = PBXBuildFile; fileRef = 82EBE87E294050220080313F /* Assets.xcassets */; };
		82EBE882294050220080313F /* LaunchScreen.storyboard in Resources */ = {isa = PBXBuildFile; fileRef = 82EBE880294050220080313F /* LaunchScreen.storyboard */; };
		82EBE88D294050220080313F /* CheckListTests.swift in Sources */ = {isa = PBXBuildFile; fileRef = 82EBE88C294050220080313F /* CheckListTests.swift */; };
		82EBE897294050220080313F /* CheckListUITests.swift in Sources */ = {isa = PBXBuildFile; fileRef = 82EBE896294050220080313F /* CheckListUITests.swift */; };
		82EBE899294050220080313F /* CheckListUITestsLaunchTests.swift in Sources */ = {isa = PBXBuildFile; fileRef = 82EBE898294050220080313F /* CheckListUITestsLaunchTests.swift */; };
/* End PBXBuildFile section */

/* Begin PBXContainerItemProxy section */
		82EBE889294050220080313F /* PBXContainerItemProxy */ = {
			isa = PBXContainerItemProxy;
			containerPortal = 82EBE86A294050200080313F /* Project object */;
			proxyType = 1;
			remoteGlobalIDString = 82EBE871294050200080313F;
			remoteInfo = CheckList;
		};
		82EBE893294050220080313F /* PBXContainerItemProxy */ = {
			isa = PBXContainerItemProxy;
			containerPortal = 82EBE86A294050200080313F /* Project object */;
			proxyType = 1;
			remoteGlobalIDString = 82EBE871294050200080313F;
			remoteInfo = CheckList;
		};
/* End PBXContainerItemProxy section */

/* Begin PBXFileReference section */
		82EBE872294050200080313F /* CheckList.app */ = {isa = PBXFileReference; explicitFileType = wrapper.application; includeInIndex = 0; path = CheckList.app; sourceTree = BUILT_PRODUCTS_DIR; };
		82EBE875294050200080313F /* AppDelegate.swift */ = {isa = PBXFileReference; lastKnownFileType = sourcecode.swift; path = AppDelegate.swift; sourceTree = "<group>"; };
		82EBE877294050200080313F /* SceneDelegate.swift */ = {isa = PBXFileReference; lastKnownFileType = sourcecode.swift; path = SceneDelegate.swift; sourceTree = "<group>"; };
		82EBE879294050200080313F /* ViewController.swift */ = {isa = PBXFileReference; lastKnownFileType = sourcecode.swift; path = ViewController.swift; sourceTree = "<group>"; };
		82EBE87E294050220080313F /* Assets.xcassets */ = {isa = PBXFileReference; lastKnownFileType = folder.assetcatalog; path = Assets.xcassets; sourceTree = "<group>"; };
		82EBE881294050220080313F /* Base */ = {isa = PBXFileReference; lastKnownFileType = file.storyboard; name = Base; path = Base.lproj/LaunchScreen.storyboard; sourceTree = "<group>"; };
		82EBE883294050220080313F /* Info.plist */ = {isa = PBXFileReference; lastKnownFileType = text.plist.xml; path = Info.plist; sourceTree = "<group>"; };
		82EBE888294050220080313F /* CheckListTests.xctest */ = {isa = PBXFileReference; explicitFileType = wrapper.cfbundle; includeInIndex = 0; path = CheckListTests.xctest; sourceTree = BUILT_PRODUCTS_DIR; };
		82EBE88C294050220080313F /* CheckListTests.swift */ = {isa = PBXFileReference; lastKnownFileType = sourcecode.swift; path = CheckListTests.swift; sourceTree = "<group>"; };
		82EBE892294050220080313F /* CheckListUITests.xctest */ = {isa = PBXFileReference; explicitFileType = wrapper.cfbundle; includeInIndex = 0; path = CheckListUITests.xctest; sourceTree = BUILT_PRODUCTS_DIR; };
		82EBE896294050220080313F /* CheckListUITests.swift */ = {isa = PBXFileReference; lastKnownFileType = sourcecode.swift; path = CheckListUITests.swift; sourceTree = "<group>"; };
		82EBE898294050220080313F /* CheckListUITestsLaunchTests.swift */ = {isa = PBXFileReference; lastKnownFileType = sourcecode.swift; path = CheckListUITestsLaunchTests.swift; sourceTree = "<group>"; };
/* End PBXFileReference section */

/* Begin PBXFrameworksBuildPhase section */
		82EBE86F294050200080313F /* Frameworks */ = {
			isa = PBXFrameworksBuildPhase;
			buildActionMask = 2147483647;
			files = (
				82CBE6402940F03F00F877CE /* RxRelay in Frameworks */,
				82CBE63E2940F03F00F877CE /* RxCocoa in Frameworks */,
				82CBE6422940F03F00F877CE /* RxSwift in Frameworks */,
				82A6256E2940591F009F461E /* SnapKit in Frameworks */,
			);
			runOnlyForDeploymentPostprocessing = 0;
		};
		82EBE885294050220080313F /* Frameworks */ = {
			isa = PBXFrameworksBuildPhase;
			buildActionMask = 2147483647;
			files = (
			);
			runOnlyForDeploymentPostprocessing = 0;
		};
		82EBE88F294050220080313F /* Frameworks */ = {
			isa = PBXFrameworksBuildPhase;
			buildActionMask = 2147483647;
			files = (
			);
			runOnlyForDeploymentPostprocessing = 0;
		};
/* End PBXFrameworksBuildPhase section */

/* Begin PBXGroup section */
		82EBE869294050200080313F = {
			isa = PBXGroup;
			children = (
				82EBE874294050200080313F /* CheckList */,
				82EBE88B294050220080313F /* CheckListTests */,
				82EBE895294050220080313F /* CheckListUITests */,
				82EBE873294050200080313F /* Products */,
			);
			sourceTree = "<group>";
		};
		82EBE873294050200080313F /* Products */ = {
			isa = PBXGroup;
			children = (
				82EBE872294050200080313F /* CheckList.app */,
				82EBE888294050220080313F /* CheckListTests.xctest */,
				82EBE892294050220080313F /* CheckListUITests.xctest */,
			);
			name = Products;
			sourceTree = "<group>";
		};
		82EBE874294050200080313F /* CheckList */ = {
			isa = PBXGroup;
			children = (
				82EBE875294050200080313F /* AppDelegate.swift */,
				82EBE877294050200080313F /* SceneDelegate.swift */,
				82EBE879294050200080313F /* ViewController.swift */,
				82EBE87E294050220080313F /* Assets.xcassets */,
				82EBE880294050220080313F /* LaunchScreen.storyboard */,
				82EBE883294050220080313F /* Info.plist */,
			);
			path = CheckList;
			sourceTree = "<group>";
		};
		82EBE88B294050220080313F /* CheckListTests */ = {
			isa = PBXGroup;
			children = (
				82EBE88C294050220080313F /* CheckListTests.swift */,
			);
			path = CheckListTests;
			sourceTree = "<group>";
		};
		82EBE895294050220080313F /* CheckListUITests */ = {
			isa = PBXGroup;
			children = (
				82EBE896294050220080313F /* CheckListUITests.swift */,
				82EBE898294050220080313F /* CheckListUITestsLaunchTests.swift */,
			);
			path = CheckListUITests;
			sourceTree = "<group>";
		};
/* End PBXGroup section */

/* Begin PBXNativeTarget section */
		82EBE871294050200080313F /* CheckList */ = {
			isa = PBXNativeTarget;
			buildConfigurationList = 82EBE89C294050220080313F /* Build configuration list for PBXNativeTarget "CheckList" */;
			buildPhases = (
				82EBE86E294050200080313F /* Sources */,
				82EBE86F294050200080313F /* Frameworks */,
				82EBE870294050200080313F /* Resources */,
			);
			buildRules = (
			);
			dependencies = (
			);
			name = CheckList;
			packageProductDependencies = (
				82A6256D2940591F009F461E /* SnapKit */,
				82CBE63D2940F03F00F877CE /* RxCocoa */,
				82CBE63F2940F03F00F877CE /* RxRelay */,
				82CBE6412940F03F00F877CE /* RxSwift */,
			);
			productName = CheckList;
			productReference = 82EBE872294050200080313F /* CheckList.app */;
			productType = "com.apple.product-type.application";
		};
		82EBE887294050220080313F /* CheckListTests */ = {
			isa = PBXNativeTarget;
			buildConfigurationList = 82EBE89F294050220080313F /* Build configuration list for PBXNativeTarget "CheckListTests" */;
			buildPhases = (
				82EBE884294050220080313F /* Sources */,
				82EBE885294050220080313F /* Frameworks */,
				82EBE886294050220080313F /* Resources */,
			);
			buildRules = (
			);
			dependencies = (
				82EBE88A294050220080313F /* PBXTargetDependency */,
			);
			name = CheckListTests;
			productName = CheckListTests;
			productReference = 82EBE888294050220080313F /* CheckListTests.xctest */;
			productType = "com.apple.product-type.bundle.unit-test";
		};
		82EBE891294050220080313F /* CheckListUITests */ = {
			isa = PBXNativeTarget;
			buildConfigurationList = 82EBE8A2294050220080313F /* Build configuration list for PBXNativeTarget "CheckListUITests" */;
			buildPhases = (
				82EBE88E294050220080313F /* Sources */,
				82EBE88F294050220080313F /* Frameworks */,
				82EBE890294050220080313F /* Resources */,
			);
			buildRules = (
			);
			dependencies = (
				82EBE894294050220080313F /* PBXTargetDependency */,
			);
			name = CheckListUITests;
			productName = CheckListUITests;
			productReference = 82EBE892294050220080313F /* CheckListUITests.xctest */;
			productType = "com.apple.product-type.bundle.ui-testing";
		};
/* End PBXNativeTarget section */

/* Begin PBXProject section */
		82EBE86A294050200080313F /* Project object */ = {
			isa = PBXProject;
			attributes = {
				BuildIndependentTargetsInParallel = 1;
				LastSwiftUpdateCheck = 1410;
				LastUpgradeCheck = 1410;
				TargetAttributes = {
					82EBE871294050200080313F = {
						CreatedOnToolsVersion = 14.1;
					};
					82EBE887294050220080313F = {
						CreatedOnToolsVersion = 14.1;
						TestTargetID = 82EBE871294050200080313F;
					};
					82EBE891294050220080313F = {
						CreatedOnToolsVersion = 14.1;
						TestTargetID = 82EBE871294050200080313F;
					};
				};
			};
			buildConfigurationList = 82EBE86D294050200080313F /* Build configuration list for PBXProject "CheckList" */;
			compatibilityVersion = "Xcode 14.0";
			developmentRegion = en;
			hasScannedForEncodings = 0;
			knownRegions = (
				en,
				Base,
			);
			mainGroup = 82EBE869294050200080313F;
			packageReferences = (
				82A6256C2940591F009F461E /* XCRemoteSwiftPackageReference "SnapKit" */,
				82CBE63C2940F03F00F877CE /* XCRemoteSwiftPackageReference "RxSwift" */,
			);
			productRefGroup = 82EBE873294050200080313F /* Products */;
			projectDirPath = "";
			projectRoot = "";
			targets = (
				82EBE871294050200080313F /* CheckList */,
				82EBE887294050220080313F /* CheckListTests */,
				82EBE891294050220080313F /* CheckListUITests */,
			);
		};
/* End PBXProject section */

/* Begin PBXResourcesBuildPhase section */
		82EBE870294050200080313F /* Resources */ = {
			isa = PBXResourcesBuildPhase;
			buildActionMask = 2147483647;
			files = (
				82EBE882294050220080313F /* LaunchScreen.storyboard in Resources */,
				82EBE87F294050220080313F /* Assets.xcassets in Resources */,
			);
			runOnlyForDeploymentPostprocessing = 0;
		};
		82EBE886294050220080313F /* Resources */ = {
			isa = PBXResourcesBuildPhase;
			buildActionMask = 2147483647;
			files = (
			);
			runOnlyForDeploymentPostprocessing = 0;
		};
		82EBE890294050220080313F /* Resources */ = {
			isa = PBXResourcesBuildPhase;
			buildActionMask = 2147483647;
			files = (
			);
			runOnlyForDeploymentPostprocessing = 0;
		};
/* End PBXResourcesBuildPhase section */

/* Begin PBXSourcesBuildPhase section */
		82EBE86E294050200080313F /* Sources */ = {
			isa = PBXSourcesBuildPhase;
			buildActionMask = 2147483647;
			files = (
				82EBE87A294050200080313F /* ViewController.swift in Sources */,
				82EBE876294050200080313F /* AppDelegate.swift in Sources */,
				82EBE878294050200080313F /* SceneDelegate.swift in Sources */,
			);
			runOnlyForDeploymentPostprocessing = 0;
		};
		82EBE884294050220080313F /* Sources */ = {
			isa = PBXSourcesBuildPhase;
			buildActionMask = 2147483647;
			files = (
				82EBE88D294050220080313F /* CheckListTests.swift in Sources */,
			);
			runOnlyForDeploymentPostprocessing = 0;
		};
		82EBE88E294050220080313F /* Sources */ = {
			isa = PBXSourcesBuildPhase;
			buildActionMask = 2147483647;
			files = (
				82EBE897294050220080313F /* CheckListUITests.swift in Sources */,
				82EBE899294050220080313F /* CheckListUITestsLaunchTests.swift in Sources */,
			);
			runOnlyForDeploymentPostprocessing = 0;
		};
/* End PBXSourcesBuildPhase section */

/* Begin PBXTargetDependency section */
		82EBE88A294050220080313F /* PBXTargetDependency */ = {
			isa = PBXTargetDependency;
			target = 82EBE871294050200080313F /* CheckList */;
			targetProxy = 82EBE889294050220080313F /* PBXContainerItemProxy */;
		};
		82EBE894294050220080313F /* PBXTargetDependency */ = {
			isa = PBXTargetDependency;
			target = 82EBE871294050200080313F /* CheckList */;
			targetProxy = 82EBE893294050220080313F /* PBXContainerItemProxy */;
		};
/* End PBXTargetDependency section */

/* Begin PBXVariantGroup section */
		82EBE880294050220080313F /* LaunchScreen.storyboard */ = {
			isa = PBXVariantGroup;
			children = (
				82EBE881294050220080313F /* Base */,
			);
			name = LaunchScreen.storyboard;
			sourceTree = "<group>";
		};
/* End PBXVariantGroup section */

/* Begin XCBuildConfiguration section */
		82EBE89A294050220080313F /* Debug */ = {
			isa = XCBuildConfiguration;
			buildSettings = {
				ALWAYS_SEARCH_USER_PATHS = NO;
				CLANG_ANALYZER_NONNULL = YES;
				CLANG_ANALYZER_NUMBER_OBJECT_CONVERSION = YES_AGGRESSIVE;
				CLANG_CXX_LANGUAGE_STANDARD = "gnu++20";
				CLANG_ENABLE_MODULES = YES;
				CLANG_ENABLE_OBJC_ARC = YES;
				CLANG_ENABLE_OBJC_WEAK = YES;
				CLANG_WARN_BLOCK_CAPTURE_AUTORELEASING = YES;
				CLANG_WARN_BOOL_CONVERSION = YES;
				CLANG_WARN_COMMA = YES;
				CLANG_WARN_CONSTANT_CONVERSION = YES;
				CLANG_WARN_DEPRECATED_OBJC_IMPLEMENTATIONS = YES;
				CLANG_WARN_DIRECT_OBJC_ISA_USAGE = YES_ERROR;
				CLANG_WARN_DOCUMENTATION_COMMENTS = YES;
				CLANG_WARN_EMPTY_BODY = YES;
				CLANG_WARN_ENUM_CONVERSION = YES;
				CLANG_WARN_INFINITE_RECURSION = YES;
				CLANG_WARN_INT_CONVERSION = YES;
				CLANG_WARN_NON_LITERAL_NULL_CONVERSION = YES;
				CLANG_WARN_OBJC_IMPLICIT_RETAIN_SELF = YES;
				CLANG_WARN_OBJC_LITERAL_CONVERSION = YES;
				CLANG_WARN_OBJC_ROOT_CLASS = YES_ERROR;
				CLANG_WARN_QUOTED_INCLUDE_IN_FRAMEWORK_HEADER = YES;
				CLANG_WARN_RANGE_LOOP_ANALYSIS = YES;
				CLANG_WARN_STRICT_PROTOTYPES = YES;
				CLANG_WARN_SUSPICIOUS_MOVE = YES;
				CLANG_WARN_UNGUARDED_AVAILABILITY = YES_AGGRESSIVE;
				CLANG_WARN_UNREACHABLE_CODE = YES;
				CLANG_WARN__DUPLICATE_METHOD_MATCH = YES;
				COPY_PHASE_STRIP = NO;
				DEBUG_INFORMATION_FORMAT = dwarf;
				ENABLE_STRICT_OBJC_MSGSEND = YES;
				ENABLE_TESTABILITY = YES;
				GCC_C_LANGUAGE_STANDARD = gnu11;
				GCC_DYNAMIC_NO_PIC = NO;
				GCC_NO_COMMON_BLOCKS = YES;
				GCC_OPTIMIZATION_LEVEL = 0;
				GCC_PREPROCESSOR_DEFINITIONS = (
					"DEBUG=1",
					"$(inherited)",
				);
				GCC_WARN_64_TO_32_BIT_CONVERSION = YES;
				GCC_WARN_ABOUT_RETURN_TYPE = YES_ERROR;
				GCC_WARN_UNDECLARED_SELECTOR = YES;
				GCC_WARN_UNINITIALIZED_AUTOS = YES_AGGRESSIVE;
				GCC_WARN_UNUSED_FUNCTION = YES;
				GCC_WARN_UNUSED_VARIABLE = YES;
				IPHONEOS_DEPLOYMENT_TARGET = 16.1;
				MTL_ENABLE_DEBUG_INFO = INCLUDE_SOURCE;
				MTL_FAST_MATH = YES;
				ONLY_ACTIVE_ARCH = YES;
				SDKROOT = iphoneos;
				SWIFT_ACTIVE_COMPILATION_CONDITIONS = DEBUG;
				SWIFT_OPTIMIZATION_LEVEL = "-Onone";
			};
			name = Debug;
		};
		82EBE89B294050220080313F /* Release */ = {
			isa = XCBuildConfiguration;
			buildSettings = {
				ALWAYS_SEARCH_USER_PATHS = NO;
				CLANG_ANALYZER_NONNULL = YES;
				CLANG_ANALYZER_NUMBER_OBJECT_CONVERSION = YES_AGGRESSIVE;
				CLANG_CXX_LANGUAGE_STANDARD = "gnu++20";
				CLANG_ENABLE_MODULES = YES;
				CLANG_ENABLE_OBJC_ARC = YES;
				CLANG_ENABLE_OBJC_WEAK = YES;
				CLANG_WARN_BLOCK_CAPTURE_AUTORELEASING = YES;
				CLANG_WARN_BOOL_CONVERSION = YES;
				CLANG_WARN_COMMA = YES;
				CLANG_WARN_CONSTANT_CONVERSION = YES;
				CLANG_WARN_DEPRECATED_OBJC_IMPLEMENTATIONS = YES;
				CLANG_WARN_DIRECT_OBJC_ISA_USAGE = YES_ERROR;
				CLANG_WARN_DOCUMENTATION_COMMENTS = YES;
				CLANG_WARN_EMPTY_BODY = YES;
				CLANG_WARN_ENUM_CONVERSION = YES;
				CLANG_WARN_INFINITE_RECURSION = YES;
				CLANG_WARN_INT_CONVERSION = YES;
				CLANG_WARN_NON_LITERAL_NULL_CONVERSION = YES;
				CLANG_WARN_OBJC_IMPLICIT_RETAIN_SELF = YES;
				CLANG_WARN_OBJC_LITERAL_CONVERSION = YES;
				CLANG_WARN_OBJC_ROOT_CLASS = YES_ERROR;
				CLANG_WARN_QUOTED_INCLUDE_IN_FRAMEWORK_HEADER = YES;
				CLANG_WARN_RANGE_LOOP_ANALYSIS = YES;
				CLANG_WARN_STRICT_PROTOTYPES = YES;
				CLANG_WARN_SUSPICIOUS_MOVE = YES;
				CLANG_WARN_UNGUARDED_AVAILABILITY = YES_AGGRESSIVE;
				CLANG_WARN_UNREACHABLE_CODE = YES;
				CLANG_WARN__DUPLICATE_METHOD_MATCH = YES;
				COPY_PHASE_STRIP = NO;
				DEBUG_INFORMATION_FORMAT = "dwarf-with-dsym";
				ENABLE_NS_ASSERTIONS = NO;
				ENABLE_STRICT_OBJC_MSGSEND = YES;
				GCC_C_LANGUAGE_STANDARD = gnu11;
				GCC_NO_COMMON_BLOCKS = YES;
				GCC_WARN_64_TO_32_BIT_CONVERSION = YES;
				GCC_WARN_ABOUT_RETURN_TYPE = YES_ERROR;
				GCC_WARN_UNDECLARED_SELECTOR = YES;
				GCC_WARN_UNINITIALIZED_AUTOS = YES_AGGRESSIVE;
				GCC_WARN_UNUSED_FUNCTION = YES;
				GCC_WARN_UNUSED_VARIABLE = YES;
				IPHONEOS_DEPLOYMENT_TARGET = 16.1;
				MTL_ENABLE_DEBUG_INFO = NO;
				MTL_FAST_MATH = YES;
				SDKROOT = iphoneos;
				SWIFT_COMPILATION_MODE = wholemodule;
				SWIFT_OPTIMIZATION_LEVEL = "-O";
				VALIDATE_PRODUCT = YES;
			};
			name = Release;
		};
		82EBE89D294050220080313F /* Debug */ = {
			isa = XCBuildConfiguration;
			buildSettings = {
				ASSETCATALOG_COMPILER_APPICON_NAME = AppIcon;
				ASSETCATALOG_COMPILER_GLOBAL_ACCENT_COLOR_NAME = AccentColor;
				CODE_SIGN_STYLE = Automatic;
				CURRENT_PROJECT_VERSION = 1;
				DEVELOPMENT_TEAM = D64MDUWZ72;
				GENERATE_INFOPLIST_FILE = YES;
				INFOPLIST_FILE = CheckList/Info.plist;
				INFOPLIST_KEY_CFBundleDisplayName = "챙겨가(가제)";
				INFOPLIST_KEY_LSApplicationCategoryType = "public.app-category.lifestyle";
				INFOPLIST_KEY_UIApplicationSupportsIndirectInputEvents = YES;
				INFOPLIST_KEY_UILaunchStoryboardName = LaunchScreen;
				INFOPLIST_KEY_UIMainStoryboardFile = "";
				INFOPLIST_KEY_UISupportedInterfaceOrientations = UIInterfaceOrientationPortrait;
				INFOPLIST_KEY_UISupportedInterfaceOrientations_iPad = "UIInterfaceOrientationLandscapeLeft UIInterfaceOrientationLandscapeRight UIInterfaceOrientationPortrait UIInterfaceOrientationPortraitUpsideDown";
				IPHONEOS_DEPLOYMENT_TARGET = 14.0;
				LD_RUNPATH_SEARCH_PATHS = (
					"$(inherited)",
					"@executable_path/Frameworks",
				);
				MARKETING_VERSION = 1.0.0;
				PRODUCT_BUNDLE_IDENTIFIER = com.harry.CheckList;
				PRODUCT_NAME = "$(TARGET_NAME)";
				SUPPORTED_PLATFORMS = "iphoneos iphonesimulator";
				SUPPORTS_MACCATALYST = NO;
				SUPPORTS_MAC_DESIGNED_FOR_IPHONE_IPAD = NO;
				SWIFT_EMIT_LOC_STRINGS = YES;
				SWIFT_VERSION = 5.0;
				TARGETED_DEVICE_FAMILY = 1;
			};
			name = Debug;
		};
		82EBE89E294050220080313F /* Release */ = {
			isa = XCBuildConfiguration;
			buildSettings = {
				ASSETCATALOG_COMPILER_APPICON_NAME = AppIcon;
				ASSETCATALOG_COMPILER_GLOBAL_ACCENT_COLOR_NAME = AccentColor;
				CODE_SIGN_STYLE = Automatic;
				CURRENT_PROJECT_VERSION = 1;
				DEVELOPMENT_TEAM = D64MDUWZ72;
				GENERATE_INFOPLIST_FILE = YES;
				INFOPLIST_FILE = CheckList/Info.plist;
				INFOPLIST_KEY_CFBundleDisplayName = "챙겨가(가제)";
				INFOPLIST_KEY_LSApplicationCategoryType = "public.app-category.lifestyle";
				INFOPLIST_KEY_UIApplicationSupportsIndirectInputEvents = YES;
				INFOPLIST_KEY_UILaunchStoryboardName = LaunchScreen;
				INFOPLIST_KEY_UIMainStoryboardFile = "";
				INFOPLIST_KEY_UISupportedInterfaceOrientations = UIInterfaceOrientationPortrait;
				INFOPLIST_KEY_UISupportedInterfaceOrientations_iPad = "UIInterfaceOrientationLandscapeLeft UIInterfaceOrientationLandscapeRight UIInterfaceOrientationPortrait UIInterfaceOrientationPortraitUpsideDown";
				IPHONEOS_DEPLOYMENT_TARGET = 14.0;
				LD_RUNPATH_SEARCH_PATHS = (
					"$(inherited)",
					"@executable_path/Frameworks",
				);
				MARKETING_VERSION = 1.0.0;
				PRODUCT_BUNDLE_IDENTIFIER = com.harry.CheckList;
				PRODUCT_NAME = "$(TARGET_NAME)";
				SUPPORTED_PLATFORMS = "iphoneos iphonesimulator";
				SUPPORTS_MACCATALYST = NO;
				SUPPORTS_MAC_DESIGNED_FOR_IPHONE_IPAD = NO;
				SWIFT_EMIT_LOC_STRINGS = YES;
				SWIFT_VERSION = 5.0;
				TARGETED_DEVICE_FAMILY = 1;
			};
			name = Release;
		};
		82EBE8A0294050220080313F /* Debug */ = {
			isa = XCBuildConfiguration;
			buildSettings = {
				ALWAYS_EMBED_SWIFT_STANDARD_LIBRARIES = YES;
				BUNDLE_LOADER = "$(TEST_HOST)";
				CODE_SIGN_STYLE = Automatic;
				CURRENT_PROJECT_VERSION = 1;
				DEVELOPMENT_TEAM = D64MDUWZ72;
				GENERATE_INFOPLIST_FILE = YES;
				IPHONEOS_DEPLOYMENT_TARGET = 16.1;
				MARKETING_VERSION = 1.0;
				PRODUCT_BUNDLE_IDENTIFIER = com.harry.CheckListTests;
				PRODUCT_NAME = "$(TARGET_NAME)";
				SWIFT_EMIT_LOC_STRINGS = NO;
				SWIFT_VERSION = 5.0;
				TARGETED_DEVICE_FAMILY = "1,2";
				TEST_HOST = "$(BUILT_PRODUCTS_DIR)/CheckList.app/$(BUNDLE_EXECUTABLE_FOLDER_PATH)/CheckList";
			};
			name = Debug;
		};
		82EBE8A1294050220080313F /* Release */ = {
			isa = XCBuildConfiguration;
			buildSettings = {
				ALWAYS_EMBED_SWIFT_STANDARD_LIBRARIES = YES;
				BUNDLE_LOADER = "$(TEST_HOST)";
				CODE_SIGN_STYLE = Automatic;
				CURRENT_PROJECT_VERSION = 1;
				DEVELOPMENT_TEAM = D64MDUWZ72;
				GENERATE_INFOPLIST_FILE = YES;
				IPHONEOS_DEPLOYMENT_TARGET = 16.1;
				MARKETING_VERSION = 1.0;
				PRODUCT_BUNDLE_IDENTIFIER = com.harry.CheckListTests;
				PRODUCT_NAME = "$(TARGET_NAME)";
				SWIFT_EMIT_LOC_STRINGS = NO;
				SWIFT_VERSION = 5.0;
				TARGETED_DEVICE_FAMILY = "1,2";
				TEST_HOST = "$(BUILT_PRODUCTS_DIR)/CheckList.app/$(BUNDLE_EXECUTABLE_FOLDER_PATH)/CheckList";
			};
			name = Release;
		};
		82EBE8A3294050220080313F /* Debug */ = {
			isa = XCBuildConfiguration;
			buildSettings = {
				ALWAYS_EMBED_SWIFT_STANDARD_LIBRARIES = YES;
				CODE_SIGN_STYLE = Automatic;
				CURRENT_PROJECT_VERSION = 1;
				DEVELOPMENT_TEAM = D64MDUWZ72;
				GENERATE_INFOPLIST_FILE = YES;
				MARKETING_VERSION = 1.0;
				PRODUCT_BUNDLE_IDENTIFIER = com.harry.CheckListUITests;
				PRODUCT_NAME = "$(TARGET_NAME)";
				SWIFT_EMIT_LOC_STRINGS = NO;
				SWIFT_VERSION = 5.0;
				TARGETED_DEVICE_FAMILY = "1,2";
				TEST_TARGET_NAME = CheckList;
			};
			name = Debug;
		};
		82EBE8A4294050220080313F /* Release */ = {
			isa = XCBuildConfiguration;
			buildSettings = {
				ALWAYS_EMBED_SWIFT_STANDARD_LIBRARIES = YES;
				CODE_SIGN_STYLE = Automatic;
				CURRENT_PROJECT_VERSION = 1;
				DEVELOPMENT_TEAM = D64MDUWZ72;
				GENERATE_INFOPLIST_FILE = YES;
				MARKETING_VERSION = 1.0;
				PRODUCT_BUNDLE_IDENTIFIER = com.harry.CheckListUITests;
				PRODUCT_NAME = "$(TARGET_NAME)";
				SWIFT_EMIT_LOC_STRINGS = NO;
				SWIFT_VERSION = 5.0;
				TARGETED_DEVICE_FAMILY = "1,2";
				TEST_TARGET_NAME = CheckList;
			};
			name = Release;
		};
/* End XCBuildConfiguration section */

/* Begin XCConfigurationList section */
		82EBE86D294050200080313F /* Build configuration list for PBXProject "CheckList" */ = {
			isa = XCConfigurationList;
			buildConfigurations = (
				82EBE89A294050220080313F /* Debug */,
				82EBE89B294050220080313F /* Release */,
			);
			defaultConfigurationIsVisible = 0;
			defaultConfigurationName = Release;
		};
		82EBE89C294050220080313F /* Build configuration list for PBXNativeTarget "CheckList" */ = {
			isa = XCConfigurationList;
			buildConfigurations = (
				82EBE89D294050220080313F /* Debug */,
				82EBE89E294050220080313F /* Release */,
			);
			defaultConfigurationIsVisible = 0;
			defaultConfigurationName = Release;
		};
		82EBE89F294050220080313F /* Build configuration list for PBXNativeTarget "CheckListTests" */ = {
			isa = XCConfigurationList;
			buildConfigurations = (
				82EBE8A0294050220080313F /* Debug */,
				82EBE8A1294050220080313F /* Release */,
			);
			defaultConfigurationIsVisible = 0;
			defaultConfigurationName = Release;
		};
		82EBE8A2294050220080313F /* Build configuration list for PBXNativeTarget "CheckListUITests" */ = {
			isa = XCConfigurationList;
			buildConfigurations = (
				82EBE8A3294050220080313F /* Debug */,
				82EBE8A4294050220080313F /* Release */,
			);
			defaultConfigurationIsVisible = 0;
			defaultConfigurationName = Release;
		};
/* End XCConfigurationList section */

/* Begin XCRemoteSwiftPackageReference section */
		82A6256C2940591F009F461E /* XCRemoteSwiftPackageReference "SnapKit" */ = {
			isa = XCRemoteSwiftPackageReference;
			repositoryURL = "https://github.com/SnapKit/SnapKit.git";
			requirement = {
				kind = upToNextMajorVersion;
				minimumVersion = 5.0.0;
			};
		};
		82CBE63C2940F03F00F877CE /* XCRemoteSwiftPackageReference "RxSwift" */ = {
			isa = XCRemoteSwiftPackageReference;
			repositoryURL = "https://github.com/ReactiveX/RxSwift.git";
			requirement = {
				kind = upToNextMajorVersion;
				minimumVersion = 6.0.0;
			};
		};
/* End XCRemoteSwiftPackageReference section */

/* Begin XCSwiftPackageProductDependency section */
		82A6256D2940591F009F461E /* SnapKit */ = {
			isa = XCSwiftPackageProductDependency;
			package = 82A6256C2940591F009F461E /* XCRemoteSwiftPackageReference "SnapKit" */;
			productName = SnapKit;
		};
		82CBE63D2940F03F00F877CE /* RxCocoa */ = {
			isa = XCSwiftPackageProductDependency;
			package = 82CBE63C2940F03F00F877CE /* XCRemoteSwiftPackageReference "RxSwift" */;
			productName = RxCocoa;
		};
		82CBE63F2940F03F00F877CE /* RxRelay */ = {
			isa = XCSwiftPackageProductDependency;
			package = 82CBE63C2940F03F00F877CE /* XCRemoteSwiftPackageReference "RxSwift" */;
			productName = RxRelay;
		};
		82CBE6412940F03F00F877CE /* RxSwift */ = {
			isa = XCSwiftPackageProductDependency;
			package = 82CBE63C2940F03F00F877CE /* XCRemoteSwiftPackageReference "RxSwift" */;
			productName = RxSwift;
		};
/* End XCSwiftPackageProductDependency section */
	};
	rootObject = 82EBE86A294050200080313F /* Project object */;
}
